// !$*UTF8*$!
{
	archiveVersion = 1;
	classes = {
	};
	objectVersion = 56;
	objects = {

/* Begin PBXBuildFile section */
		A6752D4329BDFF34005B5655 /* Model.swift in Sources */ = {isa = PBXBuildFile; fileRef = A6752D4229BDFF34005B5655 /* Model.swift */; };
		A6752D4929BE0711005B5655 /* FocusEntity in Frameworks */ = {isa = PBXBuildFile; productRef = A6752D4829BE0711005B5655 /* FocusEntity */; };
		A694B7E829BCAA3B00AE42CD /* AppDelegate.swift in Sources */ = {isa = PBXBuildFile; fileRef = A694B7E729BCAA3B00AE42CD /* AppDelegate.swift */; };
		A694B7EA29BCAA3B00AE42CD /* ContentView.swift in Sources */ = {isa = PBXBuildFile; fileRef = A694B7E929BCAA3B00AE42CD /* ContentView.swift */; };
		A694B7EE29BCAA3C00AE42CD /* Assets.xcassets in Resources */ = {isa = PBXBuildFile; fileRef = A694B7ED29BCAA3C00AE42CD /* Assets.xcassets */; };
		A694B7F129BCAA3C00AE42CD /* Preview Assets.xcassets in Resources */ = {isa = PBXBuildFile; fileRef = A694B7F029BCAA3C00AE42CD /* Preview Assets.xcassets */; };
		A694B7FB29BCAA3D00AE42CD /* ModelPickerAppTests.swift in Sources */ = {isa = PBXBuildFile; fileRef = A694B7FA29BCAA3D00AE42CD /* ModelPickerAppTests.swift */; };
		A694B80529BCAA3D00AE42CD /* ModelPickerAppUITests.swift in Sources */ = {isa = PBXBuildFile; fileRef = A694B80429BCAA3D00AE42CD /* ModelPickerAppUITests.swift */; };
		A694B80729BCAA3D00AE42CD /* ModelPickerAppUITestsLaunchTests.swift in Sources */ = {isa = PBXBuildFile; fileRef = A694B80629BCAA3D00AE42CD /* ModelPickerAppUITestsLaunchTests.swift */; };
		A694B81829BCAC1400AE42CD /* toy_biplane_idle.usdz in Resources */ = {isa = PBXBuildFile; fileRef = A694B81429BCAC1300AE42CD /* toy_biplane_idle.usdz */; };
		A694B81929BCAC1400AE42CD /* robot_walk_idle.usdz in Resources */ = {isa = PBXBuildFile; fileRef = A694B81529BCAC1300AE42CD /* robot_walk_idle.usdz */; };
		A694B81A29BCAC1400AE42CD /* fender_stratocaster.usdz in Resources */ = {isa = PBXBuildFile; fileRef = A694B81629BCAC1400AE42CD /* fender_stratocaster.usdz */; };
		A694B81B29BCAC1400AE42CD /* chair_swan.usdz in Resources */ = {isa = PBXBuildFile; fileRef = A694B81729BCAC1400AE42CD /* chair_swan.usdz */; };
/* End PBXBuildFile section */

/* Begin PBXContainerItemProxy section */
		A694B7F729BCAA3D00AE42CD /* PBXContainerItemProxy */ = {
			isa = PBXContainerItemProxy;
			containerPortal = A694B7DC29BCAA3B00AE42CD /* Project object */;
			proxyType = 1;
			remoteGlobalIDString = A694B7E329BCAA3B00AE42CD;
			remoteInfo = ModelPickerApp;
		};
		A694B80129BCAA3D00AE42CD /* PBXContainerItemProxy */ = {
			isa = PBXContainerItemProxy;
			containerPortal = A694B7DC29BCAA3B00AE42CD /* Project object */;
			proxyType = 1;
			remoteGlobalIDString = A694B7E329BCAA3B00AE42CD;
			remoteInfo = ModelPickerApp;
		};
/* End PBXContainerItemProxy section */

/* Begin PBXFileReference section */
		A6752D4229BDFF34005B5655 /* Model.swift */ = {isa = PBXFileReference; lastKnownFileType = sourcecode.swift; path = Model.swift; sourceTree = "<group>"; };
		A694B7E429BCAA3B00AE42CD /* ModelPickerApp.app */ = {isa = PBXFileReference; explicitFileType = wrapper.application; includeInIndex = 0; path = ModelPickerApp.app; sourceTree = BUILT_PRODUCTS_DIR; };
		A694B7E729BCAA3B00AE42CD /* AppDelegate.swift */ = {isa = PBXFileReference; lastKnownFileType = sourcecode.swift; path = AppDelegate.swift; sourceTree = "<group>"; };
		A694B7E929BCAA3B00AE42CD /* ContentView.swift */ = {isa = PBXFileReference; lastKnownFileType = sourcecode.swift; path = ContentView.swift; sourceTree = "<group>"; };
		A694B7ED29BCAA3C00AE42CD /* Assets.xcassets */ = {isa = PBXFileReference; lastKnownFileType = folder.assetcatalog; path = Assets.xcassets; sourceTree = "<group>"; };
		A694B7F029BCAA3C00AE42CD /* Preview Assets.xcassets */ = {isa = PBXFileReference; lastKnownFileType = folder.assetcatalog; path = "Preview Assets.xcassets"; sourceTree = "<group>"; };
		A694B7F629BCAA3D00AE42CD /* ModelPickerAppTests.xctest */ = {isa = PBXFileReference; explicitFileType = wrapper.cfbundle; includeInIndex = 0; path = ModelPickerAppTests.xctest; sourceTree = BUILT_PRODUCTS_DIR; };
		A694B7FA29BCAA3D00AE42CD /* ModelPickerAppTests.swift */ = {isa = PBXFileReference; lastKnownFileType = sourcecode.swift; path = ModelPickerAppTests.swift; sourceTree = "<group>"; };
		A694B80029BCAA3D00AE42CD /* ModelPickerAppUITests.xctest */ = {isa = PBXFileReference; explicitFileType = wrapper.cfbundle; includeInIndex = 0; path = ModelPickerAppUITests.xctest; sourceTree = BUILT_PRODUCTS_DIR; };
		A694B80429BCAA3D00AE42CD /* ModelPickerAppUITests.swift */ = {isa = PBXFileReference; lastKnownFileType = sourcecode.swift; path = ModelPickerAppUITests.swift; sourceTree = "<group>"; };
		A694B80629BCAA3D00AE42CD /* ModelPickerAppUITestsLaunchTests.swift */ = {isa = PBXFileReference; lastKnownFileType = sourcecode.swift; path = ModelPickerAppUITestsLaunchTests.swift; sourceTree = "<group>"; };
		A694B81429BCAC1300AE42CD /* toy_biplane_idle.usdz */ = {isa = PBXFileReference; lastKnownFileType = file.usdz; path = toy_biplane_idle.usdz; sourceTree = "<group>"; };
		A694B81529BCAC1300AE42CD /* robot_walk_idle.usdz */ = {isa = PBXFileReference; lastKnownFileType = file.usdz; path = robot_walk_idle.usdz; sourceTree = "<group>"; };
		A694B81629BCAC1400AE42CD /* fender_stratocaster.usdz */ = {isa = PBXFileReference; lastKnownFileType = file.usdz; path = fender_stratocaster.usdz; sourceTree = "<group>"; };
		A694B81729BCAC1400AE42CD /* chair_swan.usdz */ = {isa = PBXFileReference; lastKnownFileType = file.usdz; path = chair_swan.usdz; sourceTree = "<group>"; };
/* End PBXFileReference section */

/* Begin PBXFrameworksBuildPhase section */
		A694B7E129BCAA3B00AE42CD /* Frameworks */ = {
			isa = PBXFrameworksBuildPhase;
			buildActionMask = 2147483647;
			files = (
				A6752D4929BE0711005B5655 /* FocusEntity in Frameworks */,
			);
			runOnlyForDeploymentPostprocessing = 0;
		};
		A694B7F329BCAA3D00AE42CD /* Frameworks */ = {
			isa = PBXFrameworksBuildPhase;
			buildActionMask = 2147483647;
			files = (
			);
			runOnlyForDeploymentPostprocessing = 0;
		};
		A694B7FD29BCAA3D00AE42CD /* Frameworks */ = {
			isa = PBXFrameworksBuildPhase;
			buildActionMask = 2147483647;
			files = (
			);
			runOnlyForDeploymentPostprocessing = 0;
		};
/* End PBXFrameworksBuildPhase section */

/* Begin PBXGroup section */
		A694B7DB29BCAA3B00AE42CD = {
			isa = PBXGroup;
			children = (
				A694B7E629BCAA3B00AE42CD /* ModelPickerApp */,
				A694B7F929BCAA3D00AE42CD /* ModelPickerAppTests */,
				A694B80329BCAA3D00AE42CD /* ModelPickerAppUITests */,
				A694B7E529BCAA3B00AE42CD /* Products */,
			);
			sourceTree = "<group>";
		};
		A694B7E529BCAA3B00AE42CD /* Products */ = {
			isa = PBXGroup;
			children = (
				A694B7E429BCAA3B00AE42CD /* ModelPickerApp.app */,
				A694B7F629BCAA3D00AE42CD /* ModelPickerAppTests.xctest */,
				A694B80029BCAA3D00AE42CD /* ModelPickerAppUITests.xctest */,
			);
			name = Products;
			sourceTree = "<group>";
		};
		A694B7E629BCAA3B00AE42CD /* ModelPickerApp */ = {
			isa = PBXGroup;
			children = (
				A694B7E729BCAA3B00AE42CD /* AppDelegate.swift */,
				A694B7E929BCAA3B00AE42CD /* ContentView.swift */,
				A6752D4229BDFF34005B5655 /* Model.swift */,
				A694B81329BCAB1E00AE42CD /* Models */,
				A694B7ED29BCAA3C00AE42CD /* Assets.xcassets */,
				A694B7EF29BCAA3C00AE42CD /* Preview Content */,
			);
			path = ModelPickerApp;
			sourceTree = "<group>";
		};
		A694B7EF29BCAA3C00AE42CD /* Preview Content */ = {
			isa = PBXGroup;
			children = (
				A694B7F029BCAA3C00AE42CD /* Preview Assets.xcassets */,
			);
			path = "Preview Content";
			sourceTree = "<group>";
		};
		A694B7F929BCAA3D00AE42CD /* ModelPickerAppTests */ = {
			isa = PBXGroup;
			children = (
				A694B7FA29BCAA3D00AE42CD /* ModelPickerAppTests.swift */,
			);
			path = ModelPickerAppTests;
			sourceTree = "<group>";
		};
		A694B80329BCAA3D00AE42CD /* ModelPickerAppUITests */ = {
			isa = PBXGroup;
			children = (
				A694B80429BCAA3D00AE42CD /* ModelPickerAppUITests.swift */,
				A694B80629BCAA3D00AE42CD /* ModelPickerAppUITestsLaunchTests.swift */,
			);
			path = ModelPickerAppUITests;
			sourceTree = "<group>";
		};
		A694B81329BCAB1E00AE42CD /* Models */ = {
			isa = PBXGroup;
			children = (
				A694B81729BCAC1400AE42CD /* chair_swan.usdz */,
				A694B81629BCAC1400AE42CD /* fender_stratocaster.usdz */,
				A694B81529BCAC1300AE42CD /* robot_walk_idle.usdz */,
				A694B81429BCAC1300AE42CD /* toy_biplane_idle.usdz */,
			);
			path = Models;
			sourceTree = "<group>";
		};
/* End PBXGroup section */

/* Begin PBXNativeTarget section */
		A694B7E329BCAA3B00AE42CD /* ModelPickerApp */ = {
			isa = PBXNativeTarget;
			buildConfigurationList = A694B80A29BCAA3D00AE42CD /* Build configuration list for PBXNativeTarget "ModelPickerApp" */;
			buildPhases = (
				A694B7E029BCAA3B00AE42CD /* Sources */,
				A694B7E129BCAA3B00AE42CD /* Frameworks */,
				A694B7E229BCAA3B00AE42CD /* Resources */,
			);
			buildRules = (
			);
			dependencies = (
			);
			name = ModelPickerApp;
			packageProductDependencies = (
				A6752D4829BE0711005B5655 /* FocusEntity */,
			);
			productName = ModelPickerApp;
			productReference = A694B7E429BCAA3B00AE42CD /* ModelPickerApp.app */;
			productType = "com.apple.product-type.application";
		};
		A694B7F529BCAA3D00AE42CD /* ModelPickerAppTests */ = {
			isa = PBXNativeTarget;
			buildConfigurationList = A694B80D29BCAA3D00AE42CD /* Build configuration list for PBXNativeTarget "ModelPickerAppTests" */;
			buildPhases = (
				A694B7F229BCAA3D00AE42CD /* Sources */,
				A694B7F329BCAA3D00AE42CD /* Frameworks */,
				A694B7F429BCAA3D00AE42CD /* Resources */,
			);
			buildRules = (
			);
			dependencies = (
				A694B7F829BCAA3D00AE42CD /* PBXTargetDependency */,
			);
			name = ModelPickerAppTests;
			productName = ModelPickerAppTests;
			productReference = A694B7F629BCAA3D00AE42CD /* ModelPickerAppTests.xctest */;
			productType = "com.apple.product-type.bundle.unit-test";
		};
		A694B7FF29BCAA3D00AE42CD /* ModelPickerAppUITests */ = {
			isa = PBXNativeTarget;
			buildConfigurationList = A694B81029BCAA3D00AE42CD /* Build configuration list for PBXNativeTarget "ModelPickerAppUITests" */;
			buildPhases = (
				A694B7FC29BCAA3D00AE42CD /* Sources */,
				A694B7FD29BCAA3D00AE42CD /* Frameworks */,
				A694B7FE29BCAA3D00AE42CD /* Resources */,
			);
			buildRules = (
			);
			dependencies = (
				A694B80229BCAA3D00AE42CD /* PBXTargetDependency */,
			);
			name = ModelPickerAppUITests;
			productName = ModelPickerAppUITests;
			productReference = A694B80029BCAA3D00AE42CD /* ModelPickerAppUITests.xctest */;
			productType = "com.apple.product-type.bundle.ui-testing";
		};
/* End PBXNativeTarget section */

/* Begin PBXProject section */
		A694B7DC29BCAA3B00AE42CD /* Project object */ = {
			isa = PBXProject;
			attributes = {
				BuildIndependentTargetsInParallel = 1;
				LastSwiftUpdateCheck = 1420;
				LastUpgradeCheck = 1420;
				TargetAttributes = {
					A694B7E329BCAA3B00AE42CD = {
						CreatedOnToolsVersion = 14.2;
					};
					A694B7F529BCAA3D00AE42CD = {
						CreatedOnToolsVersion = 14.2;
						TestTargetID = A694B7E329BCAA3B00AE42CD;
					};
					A694B7FF29BCAA3D00AE42CD = {
						CreatedOnToolsVersion = 14.2;
						TestTargetID = A694B7E329BCAA3B00AE42CD;
					};
				};
			};
			buildConfigurationList = A694B7DF29BCAA3B00AE42CD /* Build configuration list for PBXProject "ModelPickerApp" */;
			compatibilityVersion = "Xcode 14.0";
			developmentRegion = en;
			hasScannedForEncodings = 0;
			knownRegions = (
				en,
				Base,
			);
			mainGroup = A694B7DB29BCAA3B00AE42CD;
			packageReferences = (
				A6752D4729BE0711005B5655 /* XCRemoteSwiftPackageReference "FocusEntity" */,
			);
			productRefGroup = A694B7E529BCAA3B00AE42CD /* Products */;
			projectDirPath = "";
			projectRoot = "";
			targets = (
				A694B7E329BCAA3B00AE42CD /* ModelPickerApp */,
				A694B7F529BCAA3D00AE42CD /* ModelPickerAppTests */,
				A694B7FF29BCAA3D00AE42CD /* ModelPickerAppUITests */,
			);
		};
/* End PBXProject section */

/* Begin PBXResourcesBuildPhase section */
		A694B7E229BCAA3B00AE42CD /* Resources */ = {
			isa = PBXResourcesBuildPhase;
			buildActionMask = 2147483647;
			files = (
				A694B81B29BCAC1400AE42CD /* chair_swan.usdz in Resources */,
				A694B7F129BCAA3C00AE42CD /* Preview Assets.xcassets in Resources */,
				A694B81A29BCAC1400AE42CD /* fender_stratocaster.usdz in Resources */,
				A694B81929BCAC1400AE42CD /* robot_walk_idle.usdz in Resources */,
				A694B81829BCAC1400AE42CD /* toy_biplane_idle.usdz in Resources */,
				A694B7EE29BCAA3C00AE42CD /* Assets.xcassets in Resources */,
			);
			runOnlyForDeploymentPostprocessing = 0;
		};
		A694B7F429BCAA3D00AE42CD /* Resources */ = {
			isa = PBXResourcesBuildPhase;
			buildActionMask = 2147483647;
			files = (
			);
			runOnlyForDeploymentPostprocessing = 0;
		};
		A694B7FE29BCAA3D00AE42CD /* Resources */ = {
			isa = PBXResourcesBuildPhase;
			buildActionMask = 2147483647;
			files = (
			);
			runOnlyForDeploymentPostprocessing = 0;
		};
/* End PBXResourcesBuildPhase section */

/* Begin PBXSourcesBuildPhase section */
		A694B7E029BCAA3B00AE42CD /* Sources */ = {
			isa = PBXSourcesBuildPhase;
			buildActionMask = 2147483647;
			files = (
				A694B7EA29BCAA3B00AE42CD /* ContentView.swift in Sources */,
				A6752D4329BDFF34005B5655 /* Model.swift in Sources */,
				A694B7E829BCAA3B00AE42CD /* AppDelegate.swift in Sources */,
			);
			runOnlyForDeploymentPostprocessing = 0;
		};
		A694B7F229BCAA3D00AE42CD /* Sources */ = {
			isa = PBXSourcesBuildPhase;
			buildActionMask = 2147483647;
			files = (
				A694B7FB29BCAA3D00AE42CD /* ModelPickerAppTests.swift in Sources */,
			);
			runOnlyForDeploymentPostprocessing = 0;
		};
		A694B7FC29BCAA3D00AE42CD /* Sources */ = {
			isa = PBXSourcesBuildPhase;
			buildActionMask = 2147483647;
			files = (
				A694B80729BCAA3D00AE42CD /* ModelPickerAppUITestsLaunchTests.swift in Sources */,
				A694B80529BCAA3D00AE42CD /* ModelPickerAppUITests.swift in Sources */,
			);
			runOnlyForDeploymentPostprocessing = 0;
		};
/* End PBXSourcesBuildPhase section */

/* Begin PBXTargetDependency section */
		A694B7F829BCAA3D00AE42CD /* PBXTargetDependency */ = {
			isa = PBXTargetDependency;
			target = A694B7E329BCAA3B00AE42CD /* ModelPickerApp */;
			targetProxy = A694B7F729BCAA3D00AE42CD /* PBXContainerItemProxy */;
		};
		A694B80229BCAA3D00AE42CD /* PBXTargetDependency */ = {
			isa = PBXTargetDependency;
			target = A694B7E329BCAA3B00AE42CD /* ModelPickerApp */;
			targetProxy = A694B80129BCAA3D00AE42CD /* PBXContainerItemProxy */;
		};
/* End PBXTargetDependency section */

/* Begin XCBuildConfiguration section */
		A694B80829BCAA3D00AE42CD /* Debug */ = {
			isa = XCBuildConfiguration;
			buildSettings = {
				ALWAYS_SEARCH_USER_PATHS = NO;
				CLANG_ANALYZER_NONNULL = YES;
				CLANG_ANALYZER_NUMBER_OBJECT_CONVERSION = YES_AGGRESSIVE;
				CLANG_CXX_LANGUAGE_STANDARD = "gnu++20";
				CLANG_ENABLE_MODULES = YES;
				CLANG_ENABLE_OBJC_ARC = YES;
				CLANG_ENABLE_OBJC_WEAK = YES;
				CLANG_WARN_BLOCK_CAPTURE_AUTORELEASING = YES;
				CLANG_WARN_BOOL_CONVERSION = YES;
				CLANG_WARN_COMMA = YES;
				CLANG_WARN_CONSTANT_CONVERSION = YES;
				CLANG_WARN_DEPRECATED_OBJC_IMPLEMENTATIONS = YES;
				CLANG_WARN_DIRECT_OBJC_ISA_USAGE = YES_ERROR;
				CLANG_WARN_DOCUMENTATION_COMMENTS = YES;
				CLANG_WARN_EMPTY_BODY = YES;
				CLANG_WARN_ENUM_CONVERSION = YES;
				CLANG_WARN_INFINITE_RECURSION = YES;
				CLANG_WARN_INT_CONVERSION = YES;
				CLANG_WARN_NON_LITERAL_NULL_CONVERSION = YES;
				CLANG_WARN_OBJC_IMPLICIT_RETAIN_SELF = YES;
				CLANG_WARN_OBJC_LITERAL_CONVERSION = YES;
				CLANG_WARN_OBJC_ROOT_CLASS = YES_ERROR;
				CLANG_WARN_QUOTED_INCLUDE_IN_FRAMEWORK_HEADER = YES;
				CLANG_WARN_RANGE_LOOP_ANALYSIS = YES;
				CLANG_WARN_STRICT_PROTOTYPES = YES;
				CLANG_WARN_SUSPICIOUS_MOVE = YES;
				CLANG_WARN_UNGUARDED_AVAILABILITY = YES_AGGRESSIVE;
				CLANG_WARN_UNREACHABLE_CODE = YES;
				CLANG_WARN__DUPLICATE_METHOD_MATCH = YES;
				COPY_PHASE_STRIP = NO;
				DEBUG_INFORMATION_FORMAT = dwarf;
				ENABLE_STRICT_OBJC_MSGSEND = YES;
				ENABLE_TESTABILITY = YES;
				GCC_C_LANGUAGE_STANDARD = gnu11;
				GCC_DYNAMIC_NO_PIC = NO;
				GCC_NO_COMMON_BLOCKS = YES;
				GCC_OPTIMIZATION_LEVEL = 0;
				GCC_PREPROCESSOR_DEFINITIONS = (
					"DEBUG=1",
					"$(inherited)",
				);
				GCC_WARN_64_TO_32_BIT_CONVERSION = YES;
				GCC_WARN_ABOUT_RETURN_TYPE = YES_ERROR;
				GCC_WARN_UNDECLARED_SELECTOR = YES;
				GCC_WARN_UNINITIALIZED_AUTOS = YES_AGGRESSIVE;
				GCC_WARN_UNUSED_FUNCTION = YES;
				GCC_WARN_UNUSED_VARIABLE = YES;
				IPHONEOS_DEPLOYMENT_TARGET = 16.2;
				MTL_ENABLE_DEBUG_INFO = INCLUDE_SOURCE;
				MTL_FAST_MATH = YES;
				ONLY_ACTIVE_ARCH = YES;
				SDKROOT = iphoneos;
				SWIFT_ACTIVE_COMPILATION_CONDITIONS = DEBUG;
				SWIFT_OPTIMIZATION_LEVEL = "-Onone";
			};
			name = Debug;
		};
		A694B80929BCAA3D00AE42CD /* Release */ = {
			isa = XCBuildConfiguration;
			buildSettings = {
				ALWAYS_SEARCH_USER_PATHS = NO;
				CLANG_ANALYZER_NONNULL = YES;
				CLANG_ANALYZER_NUMBER_OBJECT_CONVERSION = YES_AGGRESSIVE;
				CLANG_CXX_LANGUAGE_STANDARD = "gnu++20";
				CLANG_ENABLE_MODULES = YES;
				CLANG_ENABLE_OBJC_ARC = YES;
				CLANG_ENABLE_OBJC_WEAK = YES;
				CLANG_WARN_BLOCK_CAPTURE_AUTORELEASING = YES;
				CLANG_WARN_BOOL_CONVERSION = YES;
				CLANG_WARN_COMMA = YES;
				CLANG_WARN_CONSTANT_CONVERSION = YES;
				CLANG_WARN_DEPRECATED_OBJC_IMPLEMENTATIONS = YES;
				CLANG_WARN_DIRECT_OBJC_ISA_USAGE = YES_ERROR;
				CLANG_WARN_DOCUMENTATION_COMMENTS = YES;
				CLANG_WARN_EMPTY_BODY = YES;
				CLANG_WARN_ENUM_CONVERSION = YES;
				CLANG_WARN_INFINITE_RECURSION = YES;
				CLANG_WARN_INT_CONVERSION = YES;
				CLANG_WARN_NON_LITERAL_NULL_CONVERSION = YES;
				CLANG_WARN_OBJC_IMPLICIT_RETAIN_SELF = YES;
				CLANG_WARN_OBJC_LITERAL_CONVERSION = YES;
				CLANG_WARN_OBJC_ROOT_CLASS = YES_ERROR;
				CLANG_WARN_QUOTED_INCLUDE_IN_FRAMEWORK_HEADER = YES;
				CLANG_WARN_RANGE_LOOP_ANALYSIS = YES;
				CLANG_WARN_STRICT_PROTOTYPES = YES;
				CLANG_WARN_SUSPICIOUS_MOVE = YES;
				CLANG_WARN_UNGUARDED_AVAILABILITY = YES_AGGRESSIVE;
				CLANG_WARN_UNREACHABLE_CODE = YES;
				CLANG_WARN__DUPLICATE_METHOD_MATCH = YES;
				COPY_PHASE_STRIP = NO;
				DEBUG_INFORMATION_FORMAT = "dwarf-with-dsym";
				ENABLE_NS_ASSERTIONS = NO;
				ENABLE_STRICT_OBJC_MSGSEND = YES;
				GCC_C_LANGUAGE_STANDARD = gnu11;
				GCC_NO_COMMON_BLOCKS = YES;
				GCC_WARN_64_TO_32_BIT_CONVERSION = YES;
				GCC_WARN_ABOUT_RETURN_TYPE = YES_ERROR;
				GCC_WARN_UNDECLARED_SELECTOR = YES;
				GCC_WARN_UNINITIALIZED_AUTOS = YES_AGGRESSIVE;
				GCC_WARN_UNUSED_FUNCTION = YES;
				GCC_WARN_UNUSED_VARIABLE = YES;
				IPHONEOS_DEPLOYMENT_TARGET = 16.2;
				MTL_ENABLE_DEBUG_INFO = NO;
				MTL_FAST_MATH = YES;
				SDKROOT = iphoneos;
				SWIFT_COMPILATION_MODE = wholemodule;
				SWIFT_OPTIMIZATION_LEVEL = "-O";
				VALIDATE_PRODUCT = YES;
			};
			name = Release;
		};
		A694B80B29BCAA3D00AE42CD /* Debug */ = {
			isa = XCBuildConfiguration;
			buildSettings = {
				ASSETCATALOG_COMPILER_APPICON_NAME = AppIcon;
				ASSETCATALOG_COMPILER_GLOBAL_ACCENT_COLOR_NAME = AccentColor;
				CODE_SIGN_STYLE = Automatic;
				CURRENT_PROJECT_VERSION = 1;
				DEVELOPMENT_ASSET_PATHS = "\"ModelPickerApp/Preview Content\"";
				DEVELOPMENT_TEAM = P2J5L9D2KF;
				ENABLE_PREVIEWS = YES;
				GENERATE_INFOPLIST_FILE = YES;
				INFOPLIST_KEY_NSCameraUsageDescription = "";
				INFOPLIST_KEY_UIApplicationSupportsIndirectInputEvents = YES;
				INFOPLIST_KEY_UILaunchScreen_Generation = YES;
				INFOPLIST_KEY_UIRequiredDeviceCapabilities = arkit;
				INFOPLIST_KEY_UIStatusBarHidden = YES;
				INFOPLIST_KEY_UISupportedInterfaceOrientations_iPad = "UIInterfaceOrientationPortrait UIInterfaceOrientationPortraitUpsideDown UIInterfaceOrientationLandscapeLeft UIInterfaceOrientationLandscapeRight";
				INFOPLIST_KEY_UISupportedInterfaceOrientations_iPhone = "UIInterfaceOrientationPortrait UIInterfaceOrientationLandscapeLeft UIInterfaceOrientationLandscapeRight";
				LD_RUNPATH_SEARCH_PATHS = (
					"$(inherited)",
					"@executable_path/Frameworks",
				);
				MARKETING_VERSION = 1.0;
				PRODUCT_BUNDLE_IDENTIFIER = io.bluyin.ModelPickerApp;
				PRODUCT_NAME = "$(TARGET_NAME)";
				SWIFT_EMIT_LOC_STRINGS = YES;
				SWIFT_VERSION = 5.0;
				TARGETED_DEVICE_FAMILY = "1,2";
			};
			name = Debug;
		};
		A694B80C29BCAA3D00AE42CD /* Release */ = {
			isa = XCBuildConfiguration;
			buildSettings = {
				ASSETCATALOG_COMPILER_APPICON_NAME = AppIcon;
				ASSETCATALOG_COMPILER_GLOBAL_ACCENT_COLOR_NAME = AccentColor;
				CODE_SIGN_STYLE = Automatic;
				CURRENT_PROJECT_VERSION = 1;
				DEVELOPMENT_ASSET_PATHS = "\"ModelPickerApp/Preview Content\"";
				DEVELOPMENT_TEAM = P2J5L9D2KF;
				ENABLE_PREVIEWS = YES;
				GENERATE_INFOPLIST_FILE = YES;
				INFOPLIST_KEY_NSCameraUsageDescription = "";
				INFOPLIST_KEY_UIApplicationSupportsIndirectInputEvents = YES;
				INFOPLIST_KEY_UILaunchScreen_Generation = YES;
				INFOPLIST_KEY_UIRequiredDeviceCapabilities = arkit;
				INFOPLIST_KEY_UIStatusBarHidden = YES;
				INFOPLIST_KEY_UISupportedInterfaceOrientations_iPad = "UIInterfaceOrientationPortrait UIInterfaceOrientationPortraitUpsideDown UIInterfaceOrientationLandscapeLeft UIInterfaceOrientationLandscapeRight";
				INFOPLIST_KEY_UISupportedInterfaceOrientations_iPhone = "UIInterfaceOrientationPortrait UIInterfaceOrientationLandscapeLeft UIInterfaceOrientationLandscapeRight";
				LD_RUNPATH_SEARCH_PATHS = (
					"$(inherited)",
					"@executable_path/Frameworks",
				);
				MARKETING_VERSION = 1.0;
				PRODUCT_BUNDLE_IDENTIFIER = io.bluyin.ModelPickerApp;
				PRODUCT_NAME = "$(TARGET_NAME)";
				SWIFT_EMIT_LOC_STRINGS = YES;
				SWIFT_VERSION = 5.0;
				TARGETED_DEVICE_FAMILY = "1,2";
			};
			name = Release;
		};
		A694B80E29BCAA3D00AE42CD /* Debug */ = {
			isa = XCBuildConfiguration;
			buildSettings = {
				ALWAYS_EMBED_SWIFT_STANDARD_LIBRARIES = YES;
				BUNDLE_LOADER = "$(TEST_HOST)";
				CODE_SIGN_STYLE = Automatic;
				CURRENT_PROJECT_VERSION = 1;
				DEVELOPMENT_TEAM = P2J5L9D2KF;
				GENERATE_INFOPLIST_FILE = YES;
				IPHONEOS_DEPLOYMENT_TARGET = 16.2;
				MARKETING_VERSION = 1.0;
				PRODUCT_BUNDLE_IDENTIFIER = io.bluyin.ModelPickerAppTests;
				PRODUCT_NAME = "$(TARGET_NAME)";
				SWIFT_EMIT_LOC_STRINGS = NO;
				SWIFT_VERSION = 5.0;
				TARGETED_DEVICE_FAMILY = "1,2";
				TEST_HOST = "$(BUILT_PRODUCTS_DIR)/ModelPickerApp.app/$(BUNDLE_EXECUTABLE_FOLDER_PATH)/ModelPickerApp";
			};
			name = Debug;
		};
		A694B80F29BCAA3D00AE42CD /* Release */ = {
			isa = XCBuildConfiguration;
			buildSettings = {
				ALWAYS_EMBED_SWIFT_STANDARD_LIBRARIES = YES;
				BUNDLE_LOADER = "$(TEST_HOST)";
				CODE_SIGN_STYLE = Automatic;
				CURRENT_PROJECT_VERSION = 1;
				DEVELOPMENT_TEAM = P2J5L9D2KF;
				GENERATE_INFOPLIST_FILE = YES;
				IPHONEOS_DEPLOYMENT_TARGET = 16.2;
				MARKETING_VERSION = 1.0;
				PRODUCT_BUNDLE_IDENTIFIER = io.bluyin.ModelPickerAppTests;
				PRODUCT_NAME = "$(TARGET_NAME)";
				SWIFT_EMIT_LOC_STRINGS = NO;
				SWIFT_VERSION = 5.0;
				TARGETED_DEVICE_FAMILY = "1,2";
				TEST_HOST = "$(BUILT_PRODUCTS_DIR)/ModelPickerApp.app/$(BUNDLE_EXECUTABLE_FOLDER_PATH)/ModelPickerApp";
			};
			name = Release;
		};
		A694B81129BCAA3D00AE42CD /* Debug */ = {
			isa = XCBuildConfiguration;
			buildSettings = {
				ALWAYS_EMBED_SWIFT_STANDARD_LIBRARIES = YES;
				CODE_SIGN_STYLE = Automatic;
				CURRENT_PROJECT_VERSION = 1;
				DEVELOPMENT_TEAM = P2J5L9D2KF;
				GENERATE_INFOPLIST_FILE = YES;
				MARKETING_VERSION = 1.0;
				PRODUCT_BUNDLE_IDENTIFIER = io.bluyin.ModelPickerAppUITests;
				PRODUCT_NAME = "$(TARGET_NAME)";
				SWIFT_EMIT_LOC_STRINGS = NO;
				SWIFT_VERSION = 5.0;
				TARGETED_DEVICE_FAMILY = "1,2";
				TEST_TARGET_NAME = ModelPickerApp;
			};
			name = Debug;
		};
		A694B81229BCAA3D00AE42CD /* Release */ = {
			isa = XCBuildConfiguration;
			buildSettings = {
				ALWAYS_EMBED_SWIFT_STANDARD_LIBRARIES = YES;
				CODE_SIGN_STYLE = Automatic;
				CURRENT_PROJECT_VERSION = 1;
				DEVELOPMENT_TEAM = P2J5L9D2KF;
				GENERATE_INFOPLIST_FILE = YES;
				MARKETING_VERSION = 1.0;
				PRODUCT_BUNDLE_IDENTIFIER = io.bluyin.ModelPickerAppUITests;
				PRODUCT_NAME = "$(TARGET_NAME)";
				SWIFT_EMIT_LOC_STRINGS = NO;
				SWIFT_VERSION = 5.0;
				TARGETED_DEVICE_FAMILY = "1,2";
				TEST_TARGET_NAME = ModelPickerApp;
			};
			name = Release;
		};
/* End XCBuildConfiguration section */

/* Begin XCConfigurationList section */
		A694B7DF29BCAA3B00AE42CD /* Build configuration list for PBXProject "ModelPickerApp" */ = {
			isa = XCConfigurationList;
			buildConfigurations = (
				A694B80829BCAA3D00AE42CD /* Debug */,
				A694B80929BCAA3D00AE42CD /* Release */,
			);
			defaultConfigurationIsVisible = 0;
			defaultConfigurationName = Release;
		};
		A694B80A29BCAA3D00AE42CD /* Build configuration list for PBXNativeTarget "ModelPickerApp" */ = {
			isa = XCConfigurationList;
			buildConfigurations = (
				A694B80B29BCAA3D00AE42CD /* Debug */,
				A694B80C29BCAA3D00AE42CD /* Release */,
			);
			defaultConfigurationIsVisible = 0;
			defaultConfigurationName = Release;
		};
		A694B80D29BCAA3D00AE42CD /* Build configuration list for PBXNativeTarget "ModelPickerAppTests" */ = {
			isa = XCConfigurationList;
			buildConfigurations = (
				A694B80E29BCAA3D00AE42CD /* Debug */,
				A694B80F29BCAA3D00AE42CD /* Release */,
			);
			defaultConfigurationIsVisible = 0;
			defaultConfigurationName = Release;
		};
		A694B81029BCAA3D00AE42CD /* Build configuration list for PBXNativeTarget "ModelPickerAppUITests" */ = {
			isa = XCConfigurationList;
			buildConfigurations = (
				A694B81129BCAA3D00AE42CD /* Debug */,
				A694B81229BCAA3D00AE42CD /* Release */,
			);
			defaultConfigurationIsVisible = 0;
			defaultConfigurationName = Release;
		};
/* End XCConfigurationList section */

/* Begin XCRemoteSwiftPackageReference section */
		A6752D4729BE0711005B5655 /* XCRemoteSwiftPackageReference "FocusEntity" */ = {
			isa = XCRemoteSwiftPackageReference;
			repositoryURL = "https://github.com/maxxfrazer/FocusEntity";
			requirement = {
				kind = exactVersion;
				version = 1.1.1;
			};
		};
/* End XCRemoteSwiftPackageReference section */

/* Begin XCSwiftPackageProductDependency section */
		A6752D4829BE0711005B5655 /* FocusEntity */ = {
			isa = XCSwiftPackageProductDependency;
			package = A6752D4729BE0711005B5655 /* XCRemoteSwiftPackageReference "FocusEntity" */;
			productName = FocusEntity;
		};
/* End XCSwiftPackageProductDependency section */
	};
	rootObject = A694B7DC29BCAA3B00AE42CD /* Project object */;
}
